<?xml version="1.0" encoding="UTF-8" standalone="yes" ?>
<CodeBlocks_project_file>
	<FileVersion major="1" minor="6" />
	<Project>
		<Option title="OMA_WKCD_Exhibition_AR_2.1" />
		<Option pch_mode="2" />
		<Option compiler="gcc" />
		<Option virtualFolders="addons\ofxDirList\src\;addons\ofx3DUtils\src\;addons\ofxFBOTexture\;addons\ofxMSAInteractiveObject\src\;addons\ofxNetwork\src\;addons\ofxOpenCv\src\;addons\ofxOsc\src\;addons\ofxShader\src\;addons\ofxThread\src\;addons\ofxTween\src\Easings\;addons\ofxTween\src\;addons\ofxVectorGraphics\libs\;addons\ofxVectorGraphics\src\;addons\ofxVectorMath\src\;addons\ofXmlSettings\libs\;addons\ofXmlSettings\src\;addons\ofxFadable\src\;addons\ofxTimer\;src\;addons\;" />
		<Build>
			<Target title="release">
				<Option output="bin\$(PROJECT_NAME)" prefix_auto="1" extension_auto="1" />
				<Option working_dir="bin" />
				<Option object_output="obj\release" />
				<Option external_deps="..\..\..\libs\openFrameworksCompiled\lib\win_cb\openFrameworks.lib;" />
				<Option type="1" />
				<Option compiler="gcc" />
				<Option use_console_runner="0" />
				<Option projectLinkerOptionsRelation="2" />
				<Compiler>
					<Add option="-O2" />
				</Compiler>
				<Linker>
					<Add option="-s" />
					<Add option="../../../libs/openFrameworksCompiled/lib/win_cb/openFrameworks.lib" />
				</Linker>
			</Target>
			<Target title="debug">
				<Option output="bin\$(PROJECT_NAME)_DEBUG" prefix_auto="1" extension_auto="1" />
				<Option working_dir="bin" />
				<Option object_output="obj\debug\" />
				<Option external_deps="..\..\..\libs\openFrameworksCompiled\lib\win_cb\openFrameworksDebug.lib;" />
				<Option type="1" />
				<Option compiler="gcc" />
				<Option projectLinkerOptionsRelation="2" />
				<Compiler>
					<Add option="-g" />
				</Compiler>
				<Linker>
					<Add option="../../../libs/openFrameworksCompiled/lib/win_cb/openFrameworksDebug.lib" />
				</Linker>
			</Target>
		</Build>
		<Compiler>
			<Add option="-Wno-multichar" />
			<Add directory="..\..\..\libs\glu\include" />
			<Add directory="..\..\..\libs\freetype\include" />
			<Add directory="..\..\..\libs\freetype\include\freetype2" />
			<Add directory="..\..\..\libs\FreeImage\include" />
			<Add directory="..\..\..\libs\quicktime\include" />
			<Add directory="..\..\..\libs\rtAudio\include" />
			<Add directory="..\..\..\libs\fmodex\include" />
			<Add directory="..\..\..\libs\videoInput\include" />
			<Add directory="..\..\..\libs\glee\include" />
			<Add directory="..\..\..\libs\glut\include" />
			<Add directory="..\..\..\libs\openFrameworks" />
			<Add directory="..\..\..\libs\openFrameworks\app" />
			<Add directory="..\..\..\libs\openFrameworks\events" />
			<Add directory="..\..\..\libs\openFrameworks\graphics" />
			<Add directory="..\..\..\libs\openFrameworks\utils" />
			<Add directory="..\..\..\libs\openFrameworks\sound" />
			<Add directory="..\..\..\libs\openFrameworks\video" />
			<Add directory="..\..\..\libs\openFrameworks\communication" />
			<Add directory="..\..\..\libs\poco\include" />
			<Add directory="..\..\..\libs\gstreamer\include" />
			<Add directory="..\..\..\addons\" />
			<Add directory="..\..\..\addons\ofx3DModelLoader\src\3DS\" />
			<Add directory="..\..\..\addons\ofx3DModelLoader\src\" />
			<Add directory="..\..\..\addons\ofxNetwork\src" />
			<Add directory="..\..\..\addons\ofxOsc\src" />
			<Add directory="..\..\..\addons\ofxOsc\libs\oscpack\include\ip" />
			<Add directory="..\..\..\addons\ofxOsc\libs\oscpack\include\osc" />
			<Add directory="..\..\..\addons\ofxVectorMath\src" />
			<Add directory="..\..\..\addons\ofxVectorGraphics\src" />
			<Add directory="..\..\..\addons\ofxVectorGraphics\libs" />
			<Add directory="..\..\..\addons\ofxOpenCv\src" />
			<Add directory="..\..\..\addons\ofxOpenCv\libs\opencv\include" />
			<Add directory="..\..\..\addons\ofxThread\src" />
			<Add directory="..\..\..\addons\ofxDirList\src" />
			<Add directory="..\..\..\addons\ofxXmlSettings\src" />
			<Add directory="..\..\..\addons\ofxXmlSettings\libs" />
			<Add directory="..\..\..\addons\ofxFBOTexture" />
			<Add directory="..\..\..\addons\ofxMSAInteractiveObject\src" />
			<Add directory="..\..\..\addons\ofxSimpleGuiToo\src" />
			<Add directory="..\..\..\addons\ofxSimpleGuiToo\src\Controls" />
			<Add directory="..\..\..\addons\ofxShader\src" />
			<Add directory="..\..\..\addons\ofx3DUtils\src" />
			<Add directory="..\..\..\addons\ofxTween\src" />
			<Add directory="..\..\..\addons\ofxTween\src\Easings" />
			<Add directory="..\..\..\addons\ofxTimer" />
			<Add directory="..\..\..\addons\ofxFadable\src" />
			<Add directory="..\..\..\addons\ofxNoise\src" />
			<Add directory="..\..\..\addons\ofVideoPlayerGst\src" />
			<Add directory="..\..\..\addons\ofxARToolkitPlus\include" />
		</Compiler>
		<Linker>
			<Add option="../../../libs/FreeImage/lib/win_cb/FreeImage.lib" />
			<Add option="../../../libs/rtAudio/lib/win_cb/RtAudio.a" />
			<Add option="../../../libs/quicktime/lib/win_cb/qtmlClient.lib" />
			<Add option="../../../libs/freetype/lib/win_cb/libfreetype.a" />
			<Add option="../../../libs/glut/lib/win_cb/libglut.a" />
			<Add option="../../../libs/videoInput/lib/win_cb/videoInputLib.a" />
			<Add option="../../../libs/fmodex/lib/win_cb/libfmodex.a" />
			<Add option="../../../libs/glee/lib/win_cb/GLee.lib" />
			<Add option="../../../libs/glu/lib/win_cb/glu32.lib" />
			<Add option="../../../libs/poco/lib/win_cb/libPocoNetmt.a" />
			<Add option="../../../libs/poco/lib/win_cb/libPocoUtilmt.a" />
			<Add option="../../../libs/poco/lib/win_cb/libPocoXMLmt.a" />
			<Add option="../../../libs/poco/lib/win_cb/libPocoFoundationmt.a" />
			<Add option="../../../addons/ofxOpenCv/libs/opencv/lib/win_cb/libcv.a" />
			<Add option="../../../addons/ofxOpenCv/libs/opencv/lib/win_cb/libcxcore.a" />
			<Add option="../../../addons/ofxOsc/libs/oscpack/lib/win_cb/oscpack.a" />
			<Add option="../../../addons/ofxARToolkitPlus/lib/Win32/ARToolKitPlusd.lib" />
			<Add option="../../../libs/gstreamer/lib/win_cb/gstbase-0.10.lib" />
			<Add option="../../../libs/gstreamer/lib/win_cb/gstreamer-0.10.lib" />
			<Add option="../../../libs/gstreamer/lib/win_cb/gstapp-0.10.lib" />
			<Add option="../../../libs/gstreamer/lib/win_cb/gstvideo-0.10.lib" />
			<Add option="../../../libs/gstreamer/lib/win_cb/glib-2.0.lib" />
			<Add option="../../../libs/gstreamer/lib/win_cb/gthread-2.0.lib" />
			<Add option="../../../libs/gstreamer/lib/win_cb/gobject-2.0.lib" />
			<Add option="../../../libs/gstreamer/lib/win_cb/iconv.lib" />
			<Add option="../../../libs/gstreamer/lib/win_cb/libpthreadGC2.a" />
			<Add option="-lopengl32" />
			<Add option="-lglu32" />
			<Add option="-ldsound" />
			<Add option="-lwinmm" />
			<Add option="-ldxguid" />
			<Add option="-lstrmbase" />
			<Add option="-lstrmiids" />
			<Add option="-lz" />
			<Add option="-luuid" />
			<Add option="-lole32" />
			<Add option="-loleaut32" />
			<Add option="-lsetupapi" />
			<Add option="-lwsock32" />
			<Add option="-lws2_32" />
			<Add option="-lIphlpapi" />
			<Add library="..\..\..\addons\ofxOsc\libs\oscpack\lib\win_cb\oscpack.a" />
			<Add library="..\..\..\addons\ofxARToolkitPlus\lib\Win32\ARToolKitPlusd.lib" />
			<Add directory="..\..\..\libs\gstreamer\lib\win_cb" />
		</Linker>
		<ExtraCommands>
			<Add after='xcopy /e /i /y &quot;$(PROJECT_DIR)..\..\..\export\win_cb\*.dll&quot;  &quot;$(PROJECT_DIR)bin&quot;' />
			<Add after='cmd /c if not exist &quot;$(PROJECT_DIR)bin/data&quot; mkdir &quot;$(PROJECT_DIR)bin/data&quot;' />
			<Mode after="always" />
		</ExtraCommands>
		<Unit filename="..\..\..\addons\ofVideoPlayerGst\src\ofGstUtilsWin32.cpp" />
		<Unit filename="..\..\..\addons\ofVideoPlayerGst\src\ofGstUtilsWin32.h" />
		<Unit filename="..\..\..\addons\ofVideoPlayerGst\src\ofVideoPlayerGst.cpp" />
		<Unit filename="..\..\..\addons\ofVideoPlayerGst\src\ofVideoPlayerGst.h" />
		<Unit filename="..\..\..\addons\ofx3DModelLoader\src\3DS\Vector3DS.h">
			<Option virtualFolder="addons\ofxDirList\src\" />
		</Unit>
		<Unit filename="..\..\..\addons\ofx3DModelLoader\src\3DS\model3DS.cpp">
			<Option virtualFolder="addons\ofxDirList\src\" />
		</Unit>
		<Unit filename="..\..\..\addons\ofx3DModelLoader\src\3DS\model3DS.h">
			<Option virtualFolder="addons\ofxDirList\src\" />
		</Unit>
		<Unit filename="..\..\..\addons\ofx3DModelLoader\src\3DS\texture3DS.cpp">
			<Option virtualFolder="addons\ofxDirList\src\" />
		</Unit>
		<Unit filename="..\..\..\addons\ofx3DModelLoader\src\3DS\texture3DS.h">
			<Option virtualFolder="addons\ofxDirList\src\" />
		</Unit>
		<Unit filename="..\..\..\addons\ofx3DModelLoader\src\ofx3DBaseLoader.cpp" />
		<Unit filename="..\..\..\addons\ofx3DModelLoader\src\ofx3DBaseLoader.h">
			<Option virtualFolder="addons\ofxDirList\src\" />
		</Unit>
		<Unit filename="..\..\..\addons\ofx3DModelLoader\src\ofx3DModelLoader.h">
			<Option virtualFolder="addons\ofxDirList\src\" />
		</Unit>
		<Unit filename="..\..\..\addons\ofx3DModelLoader\src\ofx3dModelLoader.cpp">
			<Option virtualFolder="addons\ofxDirList\src\" />
		</Unit>
		<Unit filename="..\..\..\addons\ofx3DUtils\src\ofx3DGraphics.cpp">
			<Option virtualFolder="addons\ofx3DUtils\src\" />
		</Unit>
		<Unit filename="..\..\..\addons\ofx3DUtils\src\ofx3DGraphics.h">
			<Option virtualFolder="addons\ofx3DUtils\src\" />
		</Unit>
		<Unit filename="..\..\..\addons\ofx3DUtils\src\ofx3DUtils.h">
			<Option virtualFolder="addons\ofx3DUtils\src\" />
		</Unit>
		<Unit filename="..\..\..\addons\ofx3DUtils\src\ofxCamera.cpp">
			<Option virtualFolder="addons\ofx3DUtils\src\" />
		</Unit>
		<Unit filename="..\..\..\addons\ofx3DUtils\src\ofxCamera.h">
			<Option virtualFolder="addons\ofx3DUtils\src\" />
		</Unit>
		<Unit filename="..\..\..\addons\ofx3DUtils\src\ofxLight.cpp">
			<Option virtualFolder="addons\ofx3DUtils\src\" />
		</Unit>
		<Unit filename="..\..\..\addons\ofx3DUtils\src\ofxLight.h">
			<Option virtualFolder="addons\ofx3DUtils\src\" />
		</Unit>
		<Unit filename="..\..\..\addons\ofxARToolkitPlus\include\ARToolKitPlus\ARToolKitPlus.h" />
		<Unit filename="..\..\..\addons\ofxARToolkitPlus\include\ARToolKitPlus\Camera.h" />
		<Unit filename="..\..\..\addons\ofxARToolkitPlus\include\ARToolKitPlus\CameraAdvImpl.h" />
		<Unit filename="..\..\..\addons\ofxARToolkitPlus\include\ARToolKitPlus\CameraFactory.h" />
		<Unit filename="..\..\..\addons\ofxARToolkitPlus\include\ARToolKitPlus\CameraImpl.h" />
		<Unit filename="..\..\..\addons\ofxARToolkitPlus\include\ARToolKitPlus\ImageGrabber.h" />
		<Unit filename="..\..\..\addons\ofxARToolkitPlus\include\ARToolKitPlus\Logger.h" />
		<Unit filename="..\..\..\addons\ofxARToolkitPlus\include\ARToolKitPlus\MemoryManager.h" />
		<Unit filename="..\..\..\addons\ofxARToolkitPlus\include\ARToolKitPlus\MemoryManagerMemMap.h" />
		<Unit filename="..\..\..\addons\ofxARToolkitPlus\include\ARToolKitPlus\Tracker.h" />
		<Unit filename="..\..\..\addons\ofxARToolkitPlus\include\ARToolKitPlus\TrackerMultiMarker.h" />
		<Unit filename="..\..\..\addons\ofxARToolkitPlus\include\ARToolKitPlus\TrackerMultiMarkerImpl.h" />
		<Unit filename="..\..\..\addons\ofxARToolkitPlus\include\ARToolKitPlus\TrackerSingleMarker.h" />
		<Unit filename="..\..\..\addons\ofxARToolkitPlus\include\ARToolKitPlus\TrackerSingleMarkerImpl.h" />
		<Unit filename="..\..\..\addons\ofxARToolkitPlus\include\ARToolKitPlus\ar.h" />
		<Unit filename="..\..\..\addons\ofxARToolkitPlus\include\ARToolKitPlus\arBitFieldPattern.h" />
		<Unit filename="..\..\..\addons\ofxARToolkitPlus\include\ARToolKitPlus\arMulti.h" />
		<Unit filename="..\..\..\addons\ofxARToolkitPlus\include\ARToolKitPlus\byteSwap.h" />
		<Unit filename="..\..\..\addons\ofxARToolkitPlus\include\ARToolKitPlus\config.h" />
		<Unit filename="..\..\..\addons\ofxARToolkitPlus\include\ARToolKitPlus\extra\BCH.h" />
		<Unit filename="..\..\..\addons\ofxARToolkitPlus\include\ARToolKitPlus\extra\GPP.h" />
		<Unit filename="..\..\..\addons\ofxARToolkitPlus\include\ARToolKitPlus\extra\Profiler.h" />
		<Unit filename="..\..\..\addons\ofxARToolkitPlus\include\ARToolKitPlus\extra\rpp.h" />
		<Unit filename="..\..\..\addons\ofxARToolkitPlus\include\ARToolKitPlus\matrix.h" />
		<Unit filename="..\..\..\addons\ofxARToolkitPlus\include\ARToolKitPlus\param.h" />
		<Unit filename="..\..\..\addons\ofxARToolkitPlus\include\ARToolKitPlus\vector.h" />
		<Unit filename="..\..\..\addons\ofxControlPanel\guiBaseObject.cpp" />
		<Unit filename="..\..\..\addons\ofxControlPanel\guiBaseObject.h" />
		<Unit filename="..\..\..\addons\ofxControlPanel\guiCallback.cpp" />
		<Unit filename="..\..\..\addons\ofxControlPanel\guiCallback.h" />
		<Unit filename="..\..\..\addons\ofxControlPanel\guiCallbackValue.cpp" />
		<Unit filename="..\..\..\addons\ofxControlPanel\guiCallbackValue.h" />
		<Unit filename="..\..\..\addons\ofxControlPanel\guiColor.cpp" />
		<Unit filename="..\..\..\addons\ofxControlPanel\guiColor.h" />
		<Unit filename="..\..\..\addons\ofxControlPanel\guiCustomImpl.h" />
		<Unit filename="..\..\..\addons\ofxControlPanel\guiIncludes.h" />
		<Unit filename="..\..\..\addons\ofxControlPanel\guiTextBase.cpp" />
		<Unit filename="..\..\..\addons\ofxControlPanel\guiTextBase.h" />
		<Unit filename="..\..\..\addons\ofxControlPanel\guiType2DSlider.cpp" />
		<Unit filename="..\..\..\addons\ofxControlPanel\guiType2DSlider.h" />
		<Unit filename="..\..\..\addons\ofxControlPanel\guiTypeButtonSlider.cpp" />
		<Unit filename="..\..\..\addons\ofxControlPanel\guiTypeButtonSlider.h" />
		<Unit filename="..\..\..\addons\ofxControlPanel\guiTypeChartPlotter.cpp" />
		<Unit filename="..\..\..\addons\ofxControlPanel\guiTypeChartPlotter.h" />
		<Unit filename="..\..\..\addons\ofxControlPanel\guiTypeCustom.cpp" />
		<Unit filename="..\..\..\addons\ofxControlPanel\guiTypeCustom.h" />
		<Unit filename="..\..\..\addons\ofxControlPanel\guiTypeDrawable.cpp" />
		<Unit filename="..\..\..\addons\ofxControlPanel\guiTypeDrawable.h" />
		<Unit filename="..\..\..\addons\ofxControlPanel\guiTypeFileLister.cpp" />
		<Unit filename="..\..\..\addons\ofxControlPanel\guiTypeFileLister.h" />
		<Unit filename="..\..\..\addons\ofxControlPanel\guiTypeLogger.cpp" />
		<Unit filename="..\..\..\addons\ofxControlPanel\guiTypeLogger.h" />
		<Unit filename="..\..\..\addons\ofxControlPanel\guiTypeMultiToggle.cpp" />
		<Unit filename="..\..\..\addons\ofxControlPanel\guiTypeMultiToggle.h" />
		<Unit filename="..\..\..\addons\ofxControlPanel\guiTypePanel.cpp" />
		<Unit filename="..\..\..\addons\ofxControlPanel\guiTypePanel.h" />
		<Unit filename="..\..\..\addons\ofxControlPanel\guiTypeSlider.cpp" />
		<Unit filename="..\..\..\addons\ofxControlPanel\guiTypeSlider.h" />
		<Unit filename="..\..\..\addons\ofxControlPanel\guiTypeText.cpp" />
		<Unit filename="..\..\..\addons\ofxControlPanel\guiTypeText.h" />
		<Unit filename="..\..\..\addons\ofxControlPanel\guiTypeTextDropDown.cpp" />
		<Unit filename="..\..\..\addons\ofxControlPanel\guiTypeTextDropDown.h" />
		<Unit filename="..\..\..\addons\ofxControlPanel\guiTypeToggle.cpp" />
		<Unit filename="..\..\..\addons\ofxControlPanel\guiTypeToggle.h" />
		<Unit filename="..\..\..\addons\ofxControlPanel\guiTypeVairableLister.cpp" />
		<Unit filename="..\..\..\addons\ofxControlPanel\guiTypeVairableLister.h" />
		<Unit filename="..\..\..\addons\ofxControlPanel\guiTypeVideo.cpp" />
		<Unit filename="..\..\..\addons\ofxControlPanel\guiTypeVideo.h" />
		<Unit filename="..\..\..\addons\ofxControlPanel\guiValue.cpp" />
		<Unit filename="..\..\..\addons\ofxControlPanel\guiValue.h" />
		<Unit filename="..\..\..\addons\ofxControlPanel\guiVariablePointer.h" />
		<Unit filename="..\..\..\addons\ofxControlPanel\ofxControlPanel.cpp" />
		<Unit filename="..\..\..\addons\ofxControlPanel\ofxControlPanel.h" />
		<Unit filename="..\..\..\addons\ofxControlPanel\simpleColor.cpp" />
		<Unit filename="..\..\..\addons\ofxControlPanel\simpleColor.h" />
		<Unit filename="..\..\..\addons\ofxControlPanel\simpleFileLister.cpp" />
		<Unit filename="..\..\..\addons\ofxControlPanel\simpleFileLister.h" />
		<Unit filename="..\..\..\addons\ofxControlPanel\simpleLogger.cpp" />
		<Unit filename="..\..\..\addons\ofxControlPanel\simpleLogger.h" />
		<Unit filename="..\..\..\addons\ofxDirList\src\ofxDirList.cpp">
			<Option virtualFolder="addons\ofxDirList\src\" />
		</Unit>
		<Unit filename="..\..\..\addons\ofxDirList\src\ofxDirList.h">
			<Option virtualFolder="addons\ofxDirList\src\" />
		</Unit>
		<Unit filename="..\..\..\addons\ofxDisplayList\src\ofxDisplayList.h" />
		<Unit filename="..\..\..\addons\ofxFBOTexture\ofxFBOTexture.cpp">
			<Option virtualFolder="addons\ofxFBOTexture\" />
		</Unit>
		<Unit filename="..\..\..\addons\ofxFBOTexture\ofxFBOTexture.h">
			<Option virtualFolder="addons\ofxFBOTexture\" />
		</Unit>
		<Unit filename="..\..\..\addons\ofxFadable\src\ofxFadable.h">
			<Option virtualFolder="addons\ofxFadable\src\" />
		</Unit>
		<Unit filename="..\..\..\addons\ofxFadable\src\ofxFadableBase.cpp">
			<Option virtualFolder="addons\ofxFadable\src\" />
		</Unit>
		<Unit filename="..\..\..\addons\ofxFadable\src\ofxFadableBase.h">
			<Option virtualFolder="addons\ofxFadable\src\" />
		</Unit>
		<Unit filename="..\..\..\addons\ofxFadable\src\ofxFadableCam.h">
			<Option virtualFolder="addons\ofxFadable\src\" />
		</Unit>
		<Unit filename="..\..\..\addons\ofxFadable\src\ofxFadableRect.h">
			<Option virtualFolder="addons\ofxFadable\src\" />
		</Unit>
		<Unit filename="..\..\..\addons\ofxFadable\src\ofxFadableVideo.h">
			<Option virtualFolder="addons\ofxFadable\src\" />
		</Unit>
		<Unit filename="..\..\..\addons\ofxMSAInteractiveObject\src\ofxMSAInteractiveObject.cpp">
			<Option virtualFolder="addons\ofxMSAInteractiveObject\src\" />
		</Unit>
		<Unit filename="..\..\..\addons\ofxMSAInteractiveObject\src\ofxMSAInteractiveObject.h">
			<Option virtualFolder="addons\ofxMSAInteractiveObject\src\" />
		</Unit>
		<Unit filename="..\..\..\addons\ofxNetwork\src\ofxNetwork.h">
			<Option virtualFolder="addons\ofxNetwork\src\" />
		</Unit>
		<Unit filename="..\..\..\addons\ofxNetwork\src\ofxTCPClient.cpp">
			<Option virtualFolder="addons\ofxNetwork\src\" />
		</Unit>
		<Unit filename="..\..\..\addons\ofxNetwork\src\ofxTCPClient.h">
			<Option virtualFolder="addons\ofxNetwork\src\" />
		</Unit>
		<Unit filename="..\..\..\addons\ofxNetwork\src\ofxTCPManager.cpp">
			<Option virtualFolder="addons\ofxNetwork\src\" />
		</Unit>
		<Unit filename="..\..\..\addons\ofxNetwork\src\ofxTCPManager.h">
			<Option virtualFolder="addons\ofxNetwork\src\" />
		</Unit>
		<Unit filename="..\..\..\addons\ofxNetwork\src\ofxTCPServer.cpp">
			<Option virtualFolder="addons\ofxNetwork\src\" />
		</Unit>
		<Unit filename="..\..\..\addons\ofxNetwork\src\ofxTCPServer.h">
			<Option virtualFolder="addons\ofxNetwork\src\" />
		</Unit>
		<Unit filename="..\..\..\addons\ofxNetwork\src\ofxUDPManager.cpp">
			<Option virtualFolder="addons\ofxNetwork\src\" />
		</Unit>
		<Unit filename="..\..\..\addons\ofxNetwork\src\ofxUDPManager.h">
			<Option virtualFolder="addons\ofxNetwork\src\" />
		</Unit>
		<Unit filename="..\..\..\addons\ofxNoise\src\ofxNoise.h" />
		<Unit filename="..\..\..\addons\ofxNoise\src\ofxPerlin.cpp" />
		<Unit filename="..\..\..\addons\ofxNoise\src\ofxPerlin.h" />
		<Unit filename="..\..\..\addons\ofxNoise\src\ofxSimplex.cpp" />
		<Unit filename="..\..\..\addons\ofxNoise\src\ofxSimplex.h" />
		<Unit filename="..\..\..\addons\ofxNoise\src\ofxSimplexTables.h" />
		<Unit filename="..\..\..\addons\ofxNoise\src\ofxSinCosLUT.h" />
		<Unit filename="..\..\..\addons\ofxOpenCv\src\ofxCvBlob.h">
			<Option virtualFolder="addons\ofxOpenCv\src\" />
		</Unit>
		<Unit filename="..\..\..\addons\ofxOpenCv\src\ofxCvColorImage.cpp">
			<Option virtualFolder="addons\ofxOpenCv\src\" />
		</Unit>
		<Unit filename="..\..\..\addons\ofxOpenCv\src\ofxCvColorImage.h">
			<Option virtualFolder="addons\ofxOpenCv\src\" />
		</Unit>
		<Unit filename="..\..\..\addons\ofxOpenCv\src\ofxCvConstants.h">
			<Option virtualFolder="addons\ofxOpenCv\src\" />
		</Unit>
		<Unit filename="..\..\..\addons\ofxOpenCv\src\ofxCvContourFinder.cpp">
			<Option virtualFolder="addons\ofxOpenCv\src\" />
		</Unit>
		<Unit filename="..\..\..\addons\ofxOpenCv\src\ofxCvContourFinder.h">
			<Option virtualFolder="addons\ofxOpenCv\src\" />
		</Unit>
		<Unit filename="..\..\..\addons\ofxOpenCv\src\ofxCvFloatImage.cpp">
			<Option virtualFolder="addons\ofxOpenCv\src\" />
		</Unit>
		<Unit filename="..\..\..\addons\ofxOpenCv\src\ofxCvFloatImage.h">
			<Option virtualFolder="addons\ofxOpenCv\src\" />
		</Unit>
		<Unit filename="..\..\..\addons\ofxOpenCv\src\ofxCvGrayscaleImage.cpp">
			<Option virtualFolder="addons\ofxOpenCv\src\" />
		</Unit>
		<Unit filename="..\..\..\addons\ofxOpenCv\src\ofxCvGrayscaleImage.h">
			<Option virtualFolder="addons\ofxOpenCv\src\" />
		</Unit>
		<Unit filename="..\..\..\addons\ofxOpenCv\src\ofxCvImage.cpp">
			<Option virtualFolder="addons\ofxOpenCv\src\" />
		</Unit>
		<Unit filename="..\..\..\addons\ofxOpenCv\src\ofxCvImage.h">
			<Option virtualFolder="addons\ofxOpenCv\src\" />
		</Unit>
		<Unit filename="..\..\..\addons\ofxOpenCv\src\ofxCvMain.h">
			<Option virtualFolder="addons\ofxOpenCv\src\" />
		</Unit>
		<Unit filename="..\..\..\addons\ofxOpenCv\src\ofxCvShortImage.cpp">
			<Option virtualFolder="addons\ofxOpenCv\src\" />
		</Unit>
		<Unit filename="..\..\..\addons\ofxOpenCv\src\ofxCvShortImage.h">
			<Option virtualFolder="addons\ofxOpenCv\src\" />
		</Unit>
		<Unit filename="..\..\..\addons\ofxOpenCv\src\ofxOpenCv.h">
			<Option virtualFolder="addons\ofxOpenCv\src\" />
		</Unit>
		<Unit filename="..\..\..\addons\ofxOsc\src\ofxOsc.h">
			<Option virtualFolder="addons\ofxOsc\src\" />
		</Unit>
		<Unit filename="..\..\..\addons\ofxOsc\src\ofxOscArg.h">
			<Option virtualFolder="addons\ofxOsc\src\" />
		</Unit>
		<Unit filename="..\..\..\addons\ofxOsc\src\ofxOscBundle.cpp">
			<Option virtualFolder="addons\ofxOsc\src\" />
		</Unit>
		<Unit filename="..\..\..\addons\ofxOsc\src\ofxOscBundle.h">
			<Option virtualFolder="addons\ofxOsc\src\" />
		</Unit>
		<Unit filename="..\..\..\addons\ofxOsc\src\ofxOscMessage.cpp">
			<Option virtualFolder="addons\ofxOsc\src\" />
		</Unit>
		<Unit filename="..\..\..\addons\ofxOsc\src\ofxOscMessage.h">
			<Option virtualFolder="addons\ofxOsc\src\" />
		</Unit>
		<Unit filename="..\..\..\addons\ofxOsc\src\ofxOscReceiver.cpp">
			<Option virtualFolder="addons\ofxOsc\src\" />
		</Unit>
		<Unit filename="..\..\..\addons\ofxOsc\src\ofxOscReceiver.h">
			<Option virtualFolder="addons\ofxOsc\src\" />
		</Unit>
		<Unit filename="..\..\..\addons\ofxOsc\src\ofxOscSender.cpp">
			<Option virtualFolder="addons\ofxOsc\src\" />
		</Unit>
		<Unit filename="..\..\..\addons\ofxOsc\src\ofxOscSender.h">
			<Option virtualFolder="addons\ofxOsc\src\" />
		</Unit>
		<Unit filename="..\..\..\addons\ofxShader\src\ofxShader.cpp">
			<Option virtualFolder="addons\ofxShader\src\" />
		</Unit>
		<Unit filename="..\..\..\addons\ofxShader\src\ofxShader.h">
			<Option virtualFolder="addons\ofxShader\src\" />
		</Unit>
		<Unit filename="..\..\..\addons\ofxSimpleGuiToo\src\Controls\ofxSimpleGuiButton.cpp" />
		<Unit filename="..\..\..\addons\ofxSimpleGuiToo\src\Controls\ofxSimpleGuiButton.h" />
		<Unit filename="..\..\..\addons\ofxSimpleGuiToo\src\Controls\ofxSimpleGuiColorPicker.cpp" />
		<Unit filename="..\..\..\addons\ofxSimpleGuiToo\src\Controls\ofxSimpleGuiColorPicker.h" />
		<Unit filename="..\..\..\addons\ofxSimpleGuiToo\src\Controls\ofxSimpleGuiComboBox.cpp" />
		<Unit filename="..\..\..\addons\ofxSimpleGuiToo\src\Controls\ofxSimpleGuiComboBox.h" />
		<Unit filename="..\..\..\addons\ofxSimpleGuiToo\src\Controls\ofxSimpleGuiContent.cpp" />
		<Unit filename="..\..\..\addons\ofxSimpleGuiToo\src\Controls\ofxSimpleGuiContent.h" />
		<Unit filename="..\..\..\addons\ofxSimpleGuiToo\src\Controls\ofxSimpleGuiFPSCounter.cpp" />
		<Unit filename="..\..\..\addons\ofxSimpleGuiToo\src\Controls\ofxSimpleGuiFPSCounter.h" />
		<Unit filename="..\..\..\addons\ofxSimpleGuiToo\src\Controls\ofxSimpleGuiMovieSlider.cpp" />
		<Unit filename="..\..\..\addons\ofxSimpleGuiToo\src\Controls\ofxSimpleGuiMovieSlider.h" />
		<Unit filename="..\..\..\addons\ofxSimpleGuiToo\src\Controls\ofxSimpleGuiOption.cpp" />
		<Unit filename="..\..\..\addons\ofxSimpleGuiToo\src\Controls\ofxSimpleGuiOption.h" />
		<Unit filename="..\..\..\addons\ofxSimpleGuiToo\src\Controls\ofxSimpleGuiOptionGroup.cpp" />
		<Unit filename="..\..\..\addons\ofxSimpleGuiToo\src\Controls\ofxSimpleGuiOptionGroup.h" />
		<Unit filename="..\..\..\addons\ofxSimpleGuiToo\src\Controls\ofxSimpleGuiQuadWarp.cpp" />
		<Unit filename="..\..\..\addons\ofxSimpleGuiToo\src\Controls\ofxSimpleGuiQuadWarp.h" />
		<Unit filename="..\..\..\addons\ofxSimpleGuiToo\src\Controls\ofxSimpleGuiSlider2d.cpp" />
		<Unit filename="..\..\..\addons\ofxSimpleGuiToo\src\Controls\ofxSimpleGuiSlider2d.h" />
		<Unit filename="..\..\..\addons\ofxSimpleGuiToo\src\Controls\ofxSimpleGuiSliderBase.h" />
		<Unit filename="..\..\..\addons\ofxSimpleGuiToo\src\Controls\ofxSimpleGuiSliderFloat.h" />
		<Unit filename="..\..\..\addons\ofxSimpleGuiToo\src\Controls\ofxSimpleGuiSliderInt.h" />
		<Unit filename="..\..\..\addons\ofxSimpleGuiToo\src\Controls\ofxSimpleGuiTitle.cpp" />
		<Unit filename="..\..\..\addons\ofxSimpleGuiToo\src\Controls\ofxSimpleGuiTitle.h" />
		<Unit filename="..\..\..\addons\ofxSimpleGuiToo\src\Controls\ofxSimpleGuiToggle.cpp" />
		<Unit filename="..\..\..\addons\ofxSimpleGuiToo\src\Controls\ofxSimpleGuiToggle.h" />
		<Unit filename="..\..\..\addons\ofxSimpleGuiToo\src\ofxSimpleGuiConfig.cpp" />
		<Unit filename="..\..\..\addons\ofxSimpleGuiToo\src\ofxSimpleGuiConfig.h" />
		<Unit filename="..\..\..\addons\ofxSimpleGuiToo\src\ofxSimpleGuiControl.cpp" />
		<Unit filename="..\..\..\addons\ofxSimpleGuiToo\src\ofxSimpleGuiControl.h" />
		<Unit filename="..\..\..\addons\ofxSimpleGuiToo\src\ofxSimpleGuiIncludes.h" />
		<Unit filename="..\..\..\addons\ofxSimpleGuiToo\src\ofxSimpleGuiPage.cpp" />
		<Unit filename="..\..\..\addons\ofxSimpleGuiToo\src\ofxSimpleGuiPage.h" />
		<Unit filename="..\..\..\addons\ofxSimpleGuiToo\src\ofxSimpleGuiToo.cpp" />
		<Unit filename="..\..\..\addons\ofxSimpleGuiToo\src\ofxSimpleGuiToo.h" />
		<Unit filename="..\..\..\addons\ofxThread\src\ofxThread.cpp">
			<Option virtualFolder="addons\ofxThread\src\" />
		</Unit>
		<Unit filename="..\..\..\addons\ofxThread\src\ofxThread.h">
			<Option virtualFolder="addons\ofxThread\src\" />
		</Unit>
		<Unit filename="..\..\..\addons\ofxTimer\ofxTimer.cpp">
			<Option virtualFolder="addons\ofxTimer\" />
		</Unit>
		<Unit filename="..\..\..\addons\ofxTimer\ofxTimer.h">
			<Option virtualFolder="addons\ofxTimer\" />
		</Unit>
		<Unit filename="..\..\..\addons\ofxTween\src\Easings\ofxEasing.cpp">
			<Option virtualFolder="addons\ofxTween\src\Easings\" />
		</Unit>
		<Unit filename="..\..\..\addons\ofxTween\src\Easings\ofxEasing.h">
			<Option virtualFolder="addons\ofxTween\src\Easings\" />
		</Unit>
		<Unit filename="..\..\..\addons\ofxTween\src\Easings\ofxEasingBack.cpp">
			<Option virtualFolder="addons\ofxTween\src\Easings\" />
		</Unit>
		<Unit filename="..\..\..\addons\ofxTween\src\Easings\ofxEasingBack.h">
			<Option virtualFolder="addons\ofxTween\src\Easings\" />
		</Unit>
		<Unit filename="..\..\..\addons\ofxTween\src\Easings\ofxEasingBounce.cpp">
			<Option virtualFolder="addons\ofxTween\src\Easings\" />
		</Unit>
		<Unit filename="..\..\..\addons\ofxTween\src\Easings\ofxEasingBounce.h">
			<Option virtualFolder="addons\ofxTween\src\Easings\" />
		</Unit>
		<Unit filename="..\..\..\addons\ofxTween\src\Easings\ofxEasingCirc.cpp">
			<Option virtualFolder="addons\ofxTween\src\Easings\" />
		</Unit>
		<Unit filename="..\..\..\addons\ofxTween\src\Easings\ofxEasingCirc.h">
			<Option virtualFolder="addons\ofxTween\src\Easings\" />
		</Unit>
		<Unit filename="..\..\..\addons\ofxTween\src\Easings\ofxEasingCubic.cpp">
			<Option virtualFolder="addons\ofxTween\src\Easings\" />
		</Unit>
		<Unit filename="..\..\..\addons\ofxTween\src\Easings\ofxEasingCubic.h">
			<Option virtualFolder="addons\ofxTween\src\Easings\" />
		</Unit>
		<Unit filename="..\..\..\addons\ofxTween\src\Easings\ofxEasingElastic.cpp">
			<Option virtualFolder="addons\ofxTween\src\Easings\" />
		</Unit>
		<Unit filename="..\..\..\addons\ofxTween\src\Easings\ofxEasingElastic.h">
			<Option virtualFolder="addons\ofxTween\src\Easings\" />
		</Unit>
		<Unit filename="..\..\..\addons\ofxTween\src\Easings\ofxEasingExpo.cpp">
			<Option virtualFolder="addons\ofxTween\src\Easings\" />
		</Unit>
		<Unit filename="..\..\..\addons\ofxTween\src\Easings\ofxEasingExpo.h">
			<Option virtualFolder="addons\ofxTween\src\Easings\" />
		</Unit>
		<Unit filename="..\..\..\addons\ofxTween\src\Easings\ofxEasingLinear.cpp">
			<Option virtualFolder="addons\ofxTween\src\Easings\" />
		</Unit>
		<Unit filename="..\..\..\addons\ofxTween\src\Easings\ofxEasingLinear.h">
			<Option virtualFolder="addons\ofxTween\src\Easings\" />
		</Unit>
		<Unit filename="..\..\..\addons\ofxTween\src\Easings\ofxEasingQuad.cpp">
			<Option virtualFolder="addons\ofxTween\src\Easings\" />
		</Unit>
		<Unit filename="..\..\..\addons\ofxTween\src\Easings\ofxEasingQuad.h">
			<Option virtualFolder="addons\ofxTween\src\Easings\" />
		</Unit>
		<Unit filename="..\..\..\addons\ofxTween\src\Easings\ofxEasingQuart.cpp">
			<Option virtualFolder="addons\ofxTween\src\Easings\" />
		</Unit>
		<Unit filename="..\..\..\addons\ofxTween\src\Easings\ofxEasingQuart.h">
			<Option virtualFolder="addons\ofxTween\src\Easings\" />
		</Unit>
		<Unit filename="..\..\..\addons\ofxTween\src\Easings\ofxEasingQuint.cpp">
			<Option virtualFolder="addons\ofxTween\src\Easings\" />
		</Unit>
		<Unit filename="..\..\..\addons\ofxTween\src\Easings\ofxEasingQuint.h">
			<Option virtualFolder="addons\ofxTween\src\Easings\" />
		</Unit>
		<Unit filename="..\..\..\addons\ofxTween\src\Easings\ofxEasingSine.cpp">
			<Option virtualFolder="addons\ofxTween\src\Easings\" />
		</Unit>
		<Unit filename="..\..\..\addons\ofxTween\src\Easings\ofxEasingSine.h">
			<Option virtualFolder="addons\ofxTween\src\Easings\" />
		</Unit>
		<Unit filename="..\..\..\addons\ofxTween\src\ofxTween.cpp">
			<Option virtualFolder="addons\ofxTween\src\" />
		</Unit>
		<Unit filename="..\..\..\addons\ofxTween\src\ofxTween.h">
			<Option virtualFolder="addons\ofxTween\src\" />
		</Unit>
		<Unit filename="..\..\..\addons\ofxVectorGraphics\libs\CreEPS.cpp">
			<Option virtualFolder="addons\ofxVectorGraphics\libs\" />
		</Unit>
		<Unit filename="..\..\..\addons\ofxVectorGraphics\libs\CreEPS.hpp">
			<Option virtualFolder="addons\ofxVectorGraphics\libs\" />
		</Unit>
		<Unit filename="..\..\..\addons\ofxVectorGraphics\src\ofxVectorGraphics.cpp">
			<Option virtualFolder="addons\ofxVectorGraphics\src\" />
		</Unit>
		<Unit filename="..\..\..\addons\ofxVectorGraphics\src\ofxVectorGraphics.h">
			<Option virtualFolder="addons\ofxVectorGraphics\src\" />
		</Unit>
		<Unit filename="..\..\..\addons\ofxVectorMath\src\ofxMatrix3x3.cpp">
			<Option virtualFolder="addons\ofxVectorMath\src\" />
		</Unit>
		<Unit filename="..\..\..\addons\ofxVectorMath\src\ofxMatrix3x3.h">
			<Option virtualFolder="addons\ofxVectorMath\src\" />
		</Unit>
		<Unit filename="..\..\..\addons\ofxVectorMath\src\ofxMatrix4x4.cpp">
			<Option virtualFolder="addons\ofxVectorMath\src\" />
		</Unit>
		<Unit filename="..\..\..\addons\ofxVectorMath\src\ofxMatrix4x4.h">
			<Option virtualFolder="addons\ofxVectorMath\src\" />
		</Unit>
		<Unit filename="..\..\..\addons\ofxVectorMath\src\ofxQuaternion.cpp">
			<Option virtualFolder="addons\ofxVectorMath\src\" />
		</Unit>
		<Unit filename="..\..\..\addons\ofxVectorMath\src\ofxQuaternion.h">
			<Option virtualFolder="addons\ofxVectorMath\src\" />
		</Unit>
		<Unit filename="..\..\..\addons\ofxVectorMath\src\ofxVec2f.h">
			<Option virtualFolder="addons\ofxVectorMath\src\" />
		</Unit>
		<Unit filename="..\..\..\addons\ofxVectorMath\src\ofxVec3f.h">
			<Option virtualFolder="addons\ofxVectorMath\src\" />
		</Unit>
		<Unit filename="..\..\..\addons\ofxVectorMath\src\ofxVec4f.h">
			<Option virtualFolder="addons\ofxVectorMath\src\" />
		</Unit>
		<Unit filename="..\..\..\addons\ofxVectorMath\src\ofxVectorMath.h">
			<Option virtualFolder="addons\ofxVectorMath\src\" />
		</Unit>
		<Unit filename="..\..\..\addons\ofxXmlSettings\libs\tinyxml.cpp">
			<Option virtualFolder="addons\ofXmlSettings\libs\" />
		</Unit>
		<Unit filename="..\..\..\addons\ofxXmlSettings\libs\tinyxml.h">
			<Option virtualFolder="addons\ofXmlSettings\libs\" />
		</Unit>
		<Unit filename="..\..\..\addons\ofxXmlSettings\libs\tinyxmlerror.cpp">
			<Option virtualFolder="addons\ofXmlSettings\libs\" />
		</Unit>
		<Unit filename="..\..\..\addons\ofxXmlSettings\libs\tinyxmlparser.cpp">
			<Option virtualFolder="addons\ofXmlSettings\libs\" />
		</Unit>
		<Unit filename="..\..\..\addons\ofxXmlSettings\src\ofxXmlSettings.cpp">
			<Option virtualFolder="addons\ofXmlSettings\src\" />
		</Unit>
		<Unit filename="..\..\..\addons\ofxXmlSettings\src\ofxXmlSettings.h">
			<Option virtualFolder="addons\ofXmlSettings\src\" />
		</Unit>
		<Unit filename="src\ARHelper.cpp">
			<Option virtualFolder="src\" />
		</Unit>
		<Unit filename="src\ARHelper.h">
			<Option virtualFolder="src\" />
		</Unit>
		<Unit filename="src\ARImage.cpp">
			<Option virtualFolder="src\" />
		</Unit>
		<Unit filename="src\ARImage.h">
			<Option virtualFolder="src\" />
		</Unit>
		<Unit filename="src\ARModel.cpp">
			<Option virtualFolder="src\" />
		</Unit>
		<Unit filename="src\ARModel.h">
			<Option virtualFolder="src\" />
		</Unit>
		<Unit filename="src\ARModelCollections.cpp">
			<Option virtualFolder="src\" />
		</Unit>
		<Unit filename="src\ARModelCollections.h">
			<Option virtualFolder="src\" />
		</Unit>
		<Unit filename="src\MiddleVillage.h">
			<Option virtualFolder="src\" />
		</Unit>
		<Unit filename="src\ModelHandler.cpp">
			<Option virtualFolder="src\" />
		</Unit>
		<Unit filename="src\ModelHandler.h">
			<Option virtualFolder="src\" />
		</Unit>
		<Unit filename="src\OMAModel.cpp">
			<Option virtualFolder="src\" />
		</Unit>
		<Unit filename="src\OMAModel.h">
			<Option virtualFolder="src\" />
		</Unit>
		<Unit filename="src\global.cpp">
			<Option virtualFolder="src\" />
		</Unit>
		<Unit filename="src\global.h">
			<Option virtualFolder="src\" />
		</Unit>
		<Unit filename="src\main.cpp">
			<Option virtualFolder="src\" />
		</Unit>
		<Unit filename="src\ofxVBO.cpp">
			<Option virtualFolder="src\" />
		</Unit>
		<Unit filename="src\ofxVBO.h">
			<Option virtualFolder="src\" />
		</Unit>
		<Unit filename="src\shaderChromaKey.cpp">
			<Option virtualFolder="src\" />
		</Unit>
		<Unit filename="src\shaderChromaKey.h">
			<Option virtualFolder="src\" />
		</Unit>
		<Unit filename="src\testApp.cpp">
			<Option virtualFolder="src\" />
		</Unit>
		<Unit filename="src\testApp.h">
			<Option virtualFolder="src\" />
		</Unit>
		<Extensions>
			<code_completion />
			<debugger />
			<envvars />
			<wxsmith version="1">
				<gui name="wxWidgets" src="" main="" init_handlers="necessary" language="CPP" />
			</wxsmith>
		</Extensions>
	</Project>
</CodeBlocks_project_file>
